
Microsoft Visual Studio Solution File, Format Version 12.00
# Visual Studio Version 16
VisualStudioVersion = 16.0.29728.190
MinimumVisualStudioVersion = 10.0.40219.1
Project("{2150E333-8FDC-42A3-9474-1A3956D46DE8}") = "WebApss", "WebApss", "{9B29FC6B-C0F3-47E1-83DB-F5D3FB738BF9}"
EndProject
Project("{2150E333-8FDC-42A3-9474-1A3956D46DE8}") = "Services", "Services", "{2C15FA6B-27C7-4B5A-9AA9-BC93CD2DEA41}"
EndProject
Project("{2150E333-8FDC-42A3-9474-1A3956D46DE8}") = "Core", "Core", "{1B67CE47-FA22-48BE-99EB-95BF7CC141A2}"
EndProject
Project("{2150E333-8FDC-42A3-9474-1A3956D46DE8}") = "Sale", "Sale", "{47681670-17BB-4596-9C47-163DED869507}"
EndProject
Project("{2150E333-8FDC-42A3-9474-1A3956D46DE8}") = "Payment", "Payment", "{4EC6DA22-C15C-4E81-871A-E58C5BF525B1}"
EndProject
Project("{2150E333-8FDC-42A3-9474-1A3956D46DE8}") = "Catalog", "Catalog", "{4CF7F822-CE01-49F0-86BB-1D6313854057}"
EndProject
Project("{2150E333-8FDC-42A3-9474-1A3956D46DE8}") = "Tax", "Tax", "{895C1A39-9ADD-43DA-8CDF-7CF7B9717BFF}"
EndProject
Project("{2150E333-8FDC-42A3-9474-1A3956D46DE8}") = "Registration", "Registration", "{7BD68DA5-3B6D-4D75-AA1E-7CC2C16D5526}"
EndProject
Project("{9A19103F-16F7-4668-BE54-9A1E7A4F7556}") = "NerdStore.Catalog.Domain", "src\NerdStore.Catalog.Domain\NerdStore.Catalog.Domain.csproj", "{5B7D6863-2DB5-48F4-BD7C-BCA4E79617AF}"
EndProject
Project("{9A19103F-16F7-4668-BE54-9A1E7A4F7556}") = "NerdStore.Core", "src\NerdStore.Core\NerdStore.Core.csproj", "{C66574E8-EAC2-4F4A-B13F-BC126F6D837D}"
EndProject
Project("{2150E333-8FDC-42A3-9474-1A3956D46DE8}") = "Tests", "Tests", "{4733D886-E75E-4603-97F3-D9BA09B13780}"
EndProject
Project("{9A19103F-16F7-4668-BE54-9A1E7A4F7556}") = "NerdStore.Catalog.Domain.Tests", "tests\NerdStore.Catalog.Domain.Tests\NerdStore.Catalog.Domain.Tests.csproj", "{9063B4A4-493F-4BCF-B27D-472AE2DED978}"
EndProject
Project("{9A19103F-16F7-4668-BE54-9A1E7A4F7556}") = "NerdStore.Catalog.Data", "src\NerdStore.Catalog.Data\NerdStore.Catalog.Data.csproj", "{D9C97132-086D-4D14-8E63-BF2ADACD583B}"
EndProject
Project("{FAE04EC0-301F-11D3-BF4B-00C04F79EFBC}") = "NerdStore.Catalog.Application", "src\NerdStore.Catalog.Application\NerdStore.Catalog.Application.csproj", "{57426201-0316-4EC9-BF4D-8AA3F9F8A7F5}"
EndProject
Global
	GlobalSection(SolutionConfigurationPlatforms) = preSolution
		Debug|Any CPU = Debug|Any CPU
		Release|Any CPU = Release|Any CPU
	EndGlobalSection
	GlobalSection(ProjectConfigurationPlatforms) = postSolution
		{5B7D6863-2DB5-48F4-BD7C-BCA4E79617AF}.Debug|Any CPU.ActiveCfg = Debug|Any CPU
		{5B7D6863-2DB5-48F4-BD7C-BCA4E79617AF}.Debug|Any CPU.Build.0 = Debug|Any CPU
		{5B7D6863-2DB5-48F4-BD7C-BCA4E79617AF}.Release|Any CPU.ActiveCfg = Release|Any CPU
		{5B7D6863-2DB5-48F4-BD7C-BCA4E79617AF}.Release|Any CPU.Build.0 = Release|Any CPU
		{C66574E8-EAC2-4F4A-B13F-BC126F6D837D}.Debug|Any CPU.ActiveCfg = Debug|Any CPU
		{C66574E8-EAC2-4F4A-B13F-BC126F6D837D}.Debug|Any CPU.Build.0 = Debug|Any CPU
		{C66574E8-EAC2-4F4A-B13F-BC126F6D837D}.Release|Any CPU.ActiveCfg = Release|Any CPU
		{C66574E8-EAC2-4F4A-B13F-BC126F6D837D}.Release|Any CPU.Build.0 = Release|Any CPU
		{9063B4A4-493F-4BCF-B27D-472AE2DED978}.Debug|Any CPU.ActiveCfg = Debug|Any CPU
		{9063B4A4-493F-4BCF-B27D-472AE2DED978}.Debug|Any CPU.Build.0 = Debug|Any CPU
		{9063B4A4-493F-4BCF-B27D-472AE2DED978}.Release|Any CPU.ActiveCfg = Release|Any CPU
		{9063B4A4-493F-4BCF-B27D-472AE2DED978}.Release|Any CPU.Build.0 = Release|Any CPU
		{D9C97132-086D-4D14-8E63-BF2ADACD583B}.Debug|Any CPU.ActiveCfg = Debug|Any CPU
		{D9C97132-086D-4D14-8E63-BF2ADACD583B}.Debug|Any CPU.Build.0 = Debug|Any CPU
		{D9C97132-086D-4D14-8E63-BF2ADACD583B}.Release|Any CPU.ActiveCfg = Release|Any CPU
		{D9C97132-086D-4D14-8E63-BF2ADACD583B}.Release|Any CPU.Build.0 = Release|Any CPU
		{57426201-0316-4EC9-BF4D-8AA3F9F8A7F5}.Debug|Any CPU.ActiveCfg = Debug|Any CPU
		{57426201-0316-4EC9-BF4D-8AA3F9F8A7F5}.Debug|Any CPU.Build.0 = Debug|Any CPU
		{57426201-0316-4EC9-BF4D-8AA3F9F8A7F5}.Release|Any CPU.ActiveCfg = Release|Any CPU
		{57426201-0316-4EC9-BF4D-8AA3F9F8A7F5}.Release|Any CPU.Build.0 = Release|Any CPU
	EndGlobalSection
	GlobalSection(SolutionProperties) = preSolution
		HideSolutionNode = FALSE
	EndGlobalSection
	GlobalSection(NestedProjects) = preSolution
		{1B67CE47-FA22-48BE-99EB-95BF7CC141A2} = {2C15FA6B-27C7-4B5A-9AA9-BC93CD2DEA41}
		{47681670-17BB-4596-9C47-163DED869507} = {2C15FA6B-27C7-4B5A-9AA9-BC93CD2DEA41}
		{4EC6DA22-C15C-4E81-871A-E58C5BF525B1} = {2C15FA6B-27C7-4B5A-9AA9-BC93CD2DEA41}
		{4CF7F822-CE01-49F0-86BB-1D6313854057} = {2C15FA6B-27C7-4B5A-9AA9-BC93CD2DEA41}
		{895C1A39-9ADD-43DA-8CDF-7CF7B9717BFF} = {2C15FA6B-27C7-4B5A-9AA9-BC93CD2DEA41}
		{7BD68DA5-3B6D-4D75-AA1E-7CC2C16D5526} = {2C15FA6B-27C7-4B5A-9AA9-BC93CD2DEA41}
		{5B7D6863-2DB5-48F4-BD7C-BCA4E79617AF} = {4CF7F822-CE01-49F0-86BB-1D6313854057}
		{C66574E8-EAC2-4F4A-B13F-BC126F6D837D} = {1B67CE47-FA22-48BE-99EB-95BF7CC141A2}
		{4733D886-E75E-4603-97F3-D9BA09B13780} = {4CF7F822-CE01-49F0-86BB-1D6313854057}
		{9063B4A4-493F-4BCF-B27D-472AE2DED978} = {4733D886-E75E-4603-97F3-D9BA09B13780}
		{D9C97132-086D-4D14-8E63-BF2ADACD583B} = {4CF7F822-CE01-49F0-86BB-1D6313854057}
		{57426201-0316-4EC9-BF4D-8AA3F9F8A7F5} = {4CF7F822-CE01-49F0-86BB-1D6313854057}
	EndGlobalSection
	GlobalSection(ExtensibilityGlobals) = postSolution
		SolutionGuid = {8C2CE39A-2CEC-4393-BFCB-ED7BA4C69E3A}
	EndGlobalSection
EndGlobal
